
Microsoft Visual Studio Solution File, Format Version 12.00
# Visual Studio Version 17
VisualStudioVersion = 17.2.32516.85
MinimumVisualStudioVersion = 10.0.40219.1
Project("{FAE04EC0-301F-11D3-BF4B-00C04F79EFBC}") = "hr-Sparse-Array", "hr-Sparse-Array\hr-Sparse-Array.csproj", "{30282EEB-46E6-462D-92B8-3FC508C6FB05}"
EndProject
Global
	GlobalSection(SolutionConfigurationPlatforms) = preSolution
		Debug|Any CPU = Debug|Any CPU
		Release|Any CPU = Release|Any CPU
	EndGlobalSection
	GlobalSection(ProjectConfigurationPlatforms) = postSolution
		{30282EEB-46E6-462D-92B8-3FC508C6FB05}.Debug|Any CPU.ActiveCfg = Debug|Any CPU
		{30282EEB-46E6-462D-92B8-3FC508C6FB05}.Debug|Any CPU.Build.0 = Debug|Any CPU
		{30282EEB-46E6-462D-92B8-3FC508C6FB05}.Release|Any CPU.ActiveCfg = Release|Any CPU
		{30282EEB-46E6-462D-92B8-3FC508C6FB05}.Release|Any CPU.Build.0 = Release|Any CPU
	EndGlobalSection
	GlobalSection(SolutionProperties) = preSolution
		HideSolutionNode = FALSE
	EndGlobalSection
	GlobalSection(ExtensibilityGlobals) = postSolution
		SolutionGuid = {53F50EDD-D79D-4B93-8D07-8530BCFEFEE8}
	EndGlobalSection
EndGlobal
